
Microsoft Visual Studio Solution File, Format Version 12.00
# Visual Studio 15
VisualStudioVersion = 15.0.27428.2027
MinimumVisualStudioVersion = 10.0.40219.1
Project("{FAE04EC0-301F-11D3-BF4B-00C04F79EFBC}") = "MyPixEditServerClientApp", "MyPixEditServerClientApp\MyPixEditServerClientApp.csproj", "{E0238359-F5B9-4ECB-85B6-D3CA835DE063}"
EndProject
Global
	GlobalSection(SolutionConfigurationPlatforms) = preSolution
		Debug|Any CPU = Debug|Any CPU
		Release|Any CPU = Release|Any CPU
	EndGlobalSection
	GlobalSection(ProjectConfigurationPlatforms) = postSolution
		{E0238359-F5B9-4ECB-85B6-D3CA835DE063}.Debug|Any CPU.ActiveCfg = Debug|Any CPU
		{E0238359-F5B9-4ECB-85B6-D3CA835DE063}.Debug|Any CPU.Build.0 = Debug|Any CPU
		{E0238359-F5B9-4ECB-85B6-D3CA835DE063}.Release|Any CPU.ActiveCfg = Release|Any CPU
		{E0238359-F5B9-4ECB-85B6-D3CA835DE063}.Release|Any CPU.Build.0 = Release|Any CPU
	EndGlobalSection
	GlobalSection(SolutionProperties) = preSolution
		HideSolutionNode = FALSE
	EndGlobalSection
	GlobalSection(ExtensibilityGlobals) = postSolution
		SolutionGuid = {2D4A3D11-0C8C-490A-B721-5FDE55B4181A}
	EndGlobalSection
EndGlobal
